{
  "name": "@sedeapp/vue-sede-broker",
  "version": "0.1.0",
  "lockfileVersion": 1,
  "requires": true,
  "dependencies": {
    "@sedeapp/sede-broker": {
      "version": "0.1.1",
      "resolved": "https://registry.npmjs.org/@sedeapp/sede-broker/-/sede-broker-0.1.1.tgz",
      "integrity": "sha512-olsrdr1Ta80giXjwQV5PooZLzwo4h6vPqicv+zKq5HtDRmSTUzTa3t7o0uEbYya/jCuwatV9FpA38+0LJgpptA=="
    }
  }
}
